
Microsoft Visual Studio Solution File, Format Version 12.00
# Visual Studio Version 17
VisualStudioVersion = 17.10.34928.147
MinimumVisualStudioVersion = 10.0.40219.1
Project("{9A19103F-16F7-4668-BE54-9A1E7A4F7556}") = "AuthenticationDemo", "AuthenticationDemo.csproj", "{CBD728E3-D102-4989-891B-81EE128B123C}"
EndProject
Global
	GlobalSection(SolutionConfigurationPlatforms) = preSolution
		Debug|Any CPU = Debug|Any CPU
		Release|Any CPU = Release|Any CPU
	EndGlobalSection
	GlobalSection(ProjectConfigurationPlatforms) = postSolution
		{CBD728E3-D102-4989-891B-81EE128B123C}.Debug|Any CPU.ActiveCfg = Debug|Any CPU
		{CBD728E3-D102-4989-891B-81EE128B123C}.Debug|Any CPU.Build.0 = Debug|Any CPU
		{CBD728E3-D102-4989-891B-81EE128B123C}.Release|Any CPU.ActiveCfg = Release|Any CPU
		{CBD728E3-D102-4989-891B-81EE128B123C}.Release|Any CPU.Build.0 = Release|Any CPU
	EndGlobalSection
	GlobalSection(SolutionProperties) = preSolution
		HideSolutionNode = FALSE
	EndGlobalSection
	GlobalSection(ExtensibilityGlobals) = postSolution
		SolutionGuid = {0C0CDC3B-CD32-47CE-B12E-DE1833C44921}
	EndGlobalSection
EndGlobal
